// !$*UTF8*$!
{
	archiveVersion = 1;
	classes = {
	};
	objectVersion = 56;
	objects = {

/* Begin PBXBuildFile section */
		E4D75A8D2C1DE388004D0FD8 /* Poker_ChipApp.swift in Sources */ = {isa = PBXBuildFile; fileRef = E4D75A8C2C1DE388004D0FD8 /* Poker_ChipApp.swift */; };
		E4D75A912C1DE389004D0FD8 /* Assets.xcassets in Resources */ = {isa = PBXBuildFile; fileRef = E4D75A902C1DE389004D0FD8 /* Assets.xcassets */; };
		E4D75A942C1DE389004D0FD8 /* Preview Assets.xcassets in Resources */ = {isa = PBXBuildFile; fileRef = E4D75A932C1DE389004D0FD8 /* Preview Assets.xcassets */; };
		E4D75A9C2C1DE3B8004D0FD8 /* Gameview.swift in Sources */ = {isa = PBXBuildFile; fileRef = E4D75A9B2C1DE3B8004D0FD8 /* Gameview.swift */; };
		E4D75A9E2C1DE64E004D0FD8 /* Player.swift in Sources */ = {isa = PBXBuildFile; fileRef = E4D75A9D2C1DE64E004D0FD8 /* Player.swift */; };
		E4D75AA02C1DE6F9004D0FD8 /* PlayerListRow.swift in Sources */ = {isa = PBXBuildFile; fileRef = E4D75A9F2C1DE6F9004D0FD8 /* PlayerListRow.swift */; };
		E4D75AA62C1E2D69004D0FD8 /* PeerListener.swift in Sources */ = {isa = PBXBuildFile; fileRef = E4D75AA52C1E2D69004D0FD8 /* PeerListener.swift */; };
		E4D75AB42C1E391C004D0FD8 /* PeerBrowser.swift in Sources */ = {isa = PBXBuildFile; fileRef = E4D75AB32C1E391C004D0FD8 /* PeerBrowser.swift */; };
		E4D75AB62C1E48B7004D0FD8 /* TestEasyView.swift in Sources */ = {isa = PBXBuildFile; fileRef = E4D75AB52C1E48B6004D0FD8 /* TestEasyView.swift */; };
		E4D75AB82C1E4A37004D0FD8 /* ContentView.swift in Sources */ = {isa = PBXBuildFile; fileRef = E4D75AB72C1E4A37004D0FD8 /* ContentView.swift */; };
/* End PBXBuildFile section */

/* Begin PBXFileReference section */
		E4D75A892C1DE388004D0FD8 /* Poker Chip.app */ = {isa = PBXFileReference; explicitFileType = wrapper.application; includeInIndex = 0; path = "Poker Chip.app"; sourceTree = BUILT_PRODUCTS_DIR; };
		E4D75A8C2C1DE388004D0FD8 /* Poker_ChipApp.swift */ = {isa = PBXFileReference; lastKnownFileType = sourcecode.swift; path = Poker_ChipApp.swift; sourceTree = "<group>"; };
		E4D75A902C1DE389004D0FD8 /* Assets.xcassets */ = {isa = PBXFileReference; lastKnownFileType = folder.assetcatalog; path = Assets.xcassets; sourceTree = "<group>"; };
		E4D75A932C1DE389004D0FD8 /* Preview Assets.xcassets */ = {isa = PBXFileReference; lastKnownFileType = folder.assetcatalog; path = "Preview Assets.xcassets"; sourceTree = "<group>"; };
		E4D75A9B2C1DE3B8004D0FD8 /* Gameview.swift */ = {isa = PBXFileReference; lastKnownFileType = sourcecode.swift; path = Gameview.swift; sourceTree = "<group>"; };
		E4D75A9D2C1DE64E004D0FD8 /* Player.swift */ = {isa = PBXFileReference; lastKnownFileType = sourcecode.swift; path = Player.swift; sourceTree = "<group>"; };
		E4D75A9F2C1DE6F9004D0FD8 /* PlayerListRow.swift */ = {isa = PBXFileReference; lastKnownFileType = sourcecode.swift; path = PlayerListRow.swift; sourceTree = "<group>"; };
		E4D75AA22C1E2C12004D0FD8 /* Poker-Chip-Info.plist */ = {isa = PBXFileReference; lastKnownFileType = text.plist; path = "Poker-Chip-Info.plist"; sourceTree = SOURCE_ROOT; };
		E4D75AA52C1E2D69004D0FD8 /* PeerListener.swift */ = {isa = PBXFileReference; lastKnownFileType = sourcecode.swift; path = PeerListener.swift; sourceTree = "<group>"; };
		E4D75AB32C1E391C004D0FD8 /* PeerBrowser.swift */ = {isa = PBXFileReference; lastKnownFileType = sourcecode.swift; path = PeerBrowser.swift; sourceTree = "<group>"; };
		E4D75AB52C1E48B6004D0FD8 /* TestEasyView.swift */ = {isa = PBXFileReference; lastKnownFileType = sourcecode.swift; path = TestEasyView.swift; sourceTree = "<group>"; };
		E4D75AB72C1E4A37004D0FD8 /* ContentView.swift */ = {isa = PBXFileReference; fileEncoding = 4; lastKnownFileType = sourcecode.swift; path = ContentView.swift; sourceTree = "<group>"; };
/* End PBXFileReference section */

/* Begin PBXFrameworksBuildPhase section */
		E4D75A862C1DE388004D0FD8 /* Frameworks */ = {
			isa = PBXFrameworksBuildPhase;
			buildActionMask = 2147483647;
			files = (
			);
			runOnlyForDeploymentPostprocessing = 0;
		};
/* End PBXFrameworksBuildPhase section */

/* Begin PBXGroup section */
		E4D75A802C1DE388004D0FD8 = {
			isa = PBXGroup;
			children = (
				E4D75A8B2C1DE388004D0FD8 /* Poker Chip */,
				E4D75A8A2C1DE388004D0FD8 /* Products */,
			);
			sourceTree = "<group>";
		};
		E4D75A8A2C1DE388004D0FD8 /* Products */ = {
			isa = PBXGroup;
			children = (
				E4D75A892C1DE388004D0FD8 /* Poker Chip.app */,
			);
			name = Products;
			sourceTree = "<group>";
		};
		E4D75A8B2C1DE388004D0FD8 /* Poker Chip */ = {
			isa = PBXGroup;
			children = (
				E4D75AB72C1E4A37004D0FD8 /* ContentView.swift */,
				E4D75AB52C1E48B6004D0FD8 /* TestEasyView.swift */,
				E4D75AA32C1E2D50004D0FD8 /* Networking */,
				E4D75AA22C1E2C12004D0FD8 /* Poker-Chip-Info.plist */,
				E4D75AA12C1DED3A004D0FD8 /* ServerView */,
				E4D75A9D2C1DE64E004D0FD8 /* Player.swift */,
				E4D75A9A2C1DE3A1004D0FD8 /* GameViews */,
				E4D75A8C2C1DE388004D0FD8 /* Poker_ChipApp.swift */,
				E4D75A902C1DE389004D0FD8 /* Assets.xcassets */,
				E4D75A922C1DE389004D0FD8 /* Preview Content */,
			);
			path = "Poker Chip";
			sourceTree = "<group>";
		};
		E4D75A922C1DE389004D0FD8 /* Preview Content */ = {
			isa = PBXGroup;
			children = (
				E4D75A932C1DE389004D0FD8 /* Preview Assets.xcassets */,
			);
			path = "Preview Content";
			sourceTree = "<group>";
		};
		E4D75A9A2C1DE3A1004D0FD8 /* GameViews */ = {
			isa = PBXGroup;
			children = (
				E4D75A9B2C1DE3B8004D0FD8 /* Gameview.swift */,
				E4D75A9F2C1DE6F9004D0FD8 /* PlayerListRow.swift */,
			);
			path = GameViews;
			sourceTree = "<group>";
		};
		E4D75AA12C1DED3A004D0FD8 /* ServerView */ = {
			isa = PBXGroup;
			children = (
			);
			path = ServerView;
			sourceTree = "<group>";
		};
		E4D75AA32C1E2D50004D0FD8 /* Networking */ = {
			isa = PBXGroup;
			children = (
				E4D75AA52C1E2D69004D0FD8 /* PeerListener.swift */,
				E4D75AB32C1E391C004D0FD8 /* PeerBrowser.swift */,
			);
			path = Networking;
			sourceTree = "<group>";
		};
/* End PBXGroup section */

/* Begin PBXNativeTarget section */
		E4D75A882C1DE388004D0FD8 /* Poker Chip */ = {
			isa = PBXNativeTarget;
			buildConfigurationList = E4D75A972C1DE389004D0FD8 /* Build configuration list for PBXNativeTarget "Poker Chip" */;
			buildPhases = (
				E4D75A852C1DE388004D0FD8 /* Sources */,
				E4D75A862C1DE388004D0FD8 /* Frameworks */,
				E4D75A872C1DE388004D0FD8 /* Resources */,
			);
			buildRules = (
			);
			dependencies = (
			);
			name = "Poker Chip";
			productName = "Poker Chip";
			productReference = E4D75A892C1DE388004D0FD8 /* Poker Chip.app */;
			productType = "com.apple.product-type.application";
		};
/* End PBXNativeTarget section */

/* Begin PBXProject section */
		E4D75A812C1DE388004D0FD8 /* Project object */ = {
			isa = PBXProject;
			attributes = {
				BuildIndependentTargetsInParallel = 1;
				LastSwiftUpdateCheck = 1540;
				LastUpgradeCheck = 1540;
				TargetAttributes = {
					E4D75A882C1DE388004D0FD8 = {
						CreatedOnToolsVersion = 15.4;
					};
				};
			};
			buildConfigurationList = E4D75A842C1DE388004D0FD8 /* Build configuration list for PBXProject "Poker Chip" */;
			compatibilityVersion = "Xcode 14.0";
			developmentRegion = en;
			hasScannedForEncodings = 0;
			knownRegions = (
				en,
				Base,
			);
			mainGroup = E4D75A802C1DE388004D0FD8;
			productRefGroup = E4D75A8A2C1DE388004D0FD8 /* Products */;
			projectDirPath = "";
			projectRoot = "";
			targets = (
				E4D75A882C1DE388004D0FD8 /* Poker Chip */,
			);
		};
/* End PBXProject section */

/* Begin PBXResourcesBuildPhase section */
		E4D75A872C1DE388004D0FD8 /* Resources */ = {
			isa = PBXResourcesBuildPhase;
			buildActionMask = 2147483647;
			files = (
				E4D75A942C1DE389004D0FD8 /* Preview Assets.xcassets in Resources */,
				E4D75A912C1DE389004D0FD8 /* Assets.xcassets in Resources */,
			);
			runOnlyForDeploymentPostprocessing = 0;
		};
/* End PBXResourcesBuildPhase section */

/* Begin PBXSourcesBuildPhase section */
		E4D75A852C1DE388004D0FD8 /* Sources */ = {
			isa = PBXSourcesBuildPhase;
			buildActionMask = 2147483647;
			files = (
				E4D75AB42C1E391C004D0FD8 /* PeerBrowser.swift in Sources */,
				E4D75AA02C1DE6F9004D0FD8 /* PlayerListRow.swift in Sources */,
				E4D75AB82C1E4A37004D0FD8 /* ContentView.swift in Sources */,
				E4D75AB62C1E48B7004D0FD8 /* TestEasyView.swift in Sources */,
				E4D75A9E2C1DE64E004D0FD8 /* Player.swift in Sources */,
				E4D75A9C2C1DE3B8004D0FD8 /* Gameview.swift in Sources */,
				E4D75A8D2C1DE388004D0FD8 /* Poker_ChipApp.swift in Sources */,
				E4D75AA62C1E2D69004D0FD8 /* PeerListener.swift in Sources */,
			);
			runOnlyForDeploymentPostprocessing = 0;
		};
/* End PBXSourcesBuildPhase section */

/* Begin XCBuildConfiguration section */
		E4D75A952C1DE389004D0FD8 /* Debug */ = {
			isa = XCBuildConfiguration;
			buildSettings = {
				ALWAYS_SEARCH_USER_PATHS = NO;
				ASSETCATALOG_COMPILER_GENERATE_SWIFT_ASSET_SYMBOL_EXTENSIONS = YES;
				CLANG_ANALYZER_NONNULL = YES;
				CLANG_ANALYZER_NUMBER_OBJECT_CONVERSION = YES_AGGRESSIVE;
				CLANG_CXX_LANGUAGE_STANDARD = "gnu++20";
				CLANG_ENABLE_MODULES = YES;
				CLANG_ENABLE_OBJC_ARC = YES;
				CLANG_ENABLE_OBJC_WEAK = YES;
				CLANG_WARN_BLOCK_CAPTURE_AUTORELEASING = YES;
				CLANG_WARN_BOOL_CONVERSION = YES;
				CLANG_WARN_COMMA = YES;
				CLANG_WARN_CONSTANT_CONVERSION = YES;
				CLANG_WARN_DEPRECATED_OBJC_IMPLEMENTATIONS = YES;
				CLANG_WARN_DIRECT_OBJC_ISA_USAGE = YES_ERROR;
				CLANG_WARN_DOCUMENTATION_COMMENTS = YES;
				CLANG_WARN_EMPTY_BODY = YES;
				CLANG_WARN_ENUM_CONVERSION = YES;
				CLANG_WARN_INFINITE_RECURSION = YES;
				CLANG_WARN_INT_CONVERSION = YES;
				CLANG_WARN_NON_LITERAL_NULL_CONVERSION = YES;
				CLANG_WARN_OBJC_IMPLICIT_RETAIN_SELF = YES;
				CLANG_WARN_OBJC_LITERAL_CONVERSION = YES;
				CLANG_WARN_OBJC_ROOT_CLASS = YES_ERROR;
				CLANG_WARN_QUOTED_INCLUDE_IN_FRAMEWORK_HEADER = YES;
				CLANG_WARN_RANGE_LOOP_ANALYSIS = YES;
				CLANG_WARN_STRICT_PROTOTYPES = YES;
				CLANG_WARN_SUSPICIOUS_MOVE = YES;
				CLANG_WARN_UNGUARDED_AVAILABILITY = YES_AGGRESSIVE;
				CLANG_WARN_UNREACHABLE_CODE = YES;
				CLANG_WARN__DUPLICATE_METHOD_MATCH = YES;
				COPY_PHASE_STRIP = NO;
				DEBUG_INFORMATION_FORMAT = dwarf;
				ENABLE_STRICT_OBJC_MSGSEND = YES;
				ENABLE_TESTABILITY = YES;
				ENABLE_USER_SCRIPT_SANDBOXING = YES;
				GCC_C_LANGUAGE_STANDARD = gnu17;
				GCC_DYNAMIC_NO_PIC = NO;
				GCC_NO_COMMON_BLOCKS = YES;
				GCC_OPTIMIZATION_LEVEL = 0;
				GCC_PREPROCESSOR_DEFINITIONS = (
					"DEBUG=1",
					"$(inherited)",
				);
				GCC_WARN_64_TO_32_BIT_CONVERSION = YES;
				GCC_WARN_ABOUT_RETURN_TYPE = YES_ERROR;
				GCC_WARN_UNDECLARED_SELECTOR = YES;
				GCC_WARN_UNINITIALIZED_AUTOS = YES_AGGRESSIVE;
				GCC_WARN_UNUSED_FUNCTION = YES;
				GCC_WARN_UNUSED_VARIABLE = YES;
				IPHONEOS_DEPLOYMENT_TARGET = 17.5;
				LOCALIZATION_PREFERS_STRING_CATALOGS = YES;
				MTL_ENABLE_DEBUG_INFO = INCLUDE_SOURCE;
				MTL_FAST_MATH = YES;
				ONLY_ACTIVE_ARCH = YES;
				SDKROOT = iphoneos;
				SWIFT_ACTIVE_COMPILATION_CONDITIONS = "DEBUG $(inherited)";
				SWIFT_OPTIMIZATION_LEVEL = "-Onone";
			};
			name = Debug;
		};
		E4D75A962C1DE389004D0FD8 /* Release */ = {
			isa = XCBuildConfiguration;
			buildSettings = {
				ALWAYS_SEARCH_USER_PATHS = NO;
				ASSETCATALOG_COMPILER_GENERATE_SWIFT_ASSET_SYMBOL_EXTENSIONS = YES;
				CLANG_ANALYZER_NONNULL = YES;
				CLANG_ANALYZER_NUMBER_OBJECT_CONVERSION = YES_AGGRESSIVE;
				CLANG_CXX_LANGUAGE_STANDARD = "gnu++20";
				CLANG_ENABLE_MODULES = YES;
				CLANG_ENABLE_OBJC_ARC = YES;
				CLANG_ENABLE_OBJC_WEAK = YES;
				CLANG_WARN_BLOCK_CAPTURE_AUTORELEASING = YES;
				CLANG_WARN_BOOL_CONVERSION = YES;
				CLANG_WARN_COMMA = YES;
				CLANG_WARN_CONSTANT_CONVERSION = YES;
				CLANG_WARN_DEPRECATED_OBJC_IMPLEMENTATIONS = YES;
				CLANG_WARN_DIRECT_OBJC_ISA_USAGE = YES_ERROR;
				CLANG_WARN_DOCUMENTATION_COMMENTS = YES;
				CLANG_WARN_EMPTY_BODY = YES;
				CLANG_WARN_ENUM_CONVERSION = YES;
				CLANG_WARN_INFINITE_RECURSION = YES;
				CLANG_WARN_INT_CONVERSION = YES;
				CLANG_WARN_NON_LITERAL_NULL_CONVERSION = YES;
				CLANG_WARN_OBJC_IMPLICIT_RETAIN_SELF = YES;
				CLANG_WARN_OBJC_LITERAL_CONVERSION = YES;
				CLANG_WARN_OBJC_ROOT_CLASS = YES_ERROR;
				CLANG_WARN_QUOTED_INCLUDE_IN_FRAMEWORK_HEADER = YES;
				CLANG_WARN_RANGE_LOOP_ANALYSIS = YES;
				CLANG_WARN_STRICT_PROTOTYPES = YES;
				CLANG_WARN_SUSPICIOUS_MOVE = YES;
				CLANG_WARN_UNGUARDED_AVAILABILITY = YES_AGGRESSIVE;
				CLANG_WARN_UNREACHABLE_CODE = YES;
				CLANG_WARN__DUPLICATE_METHOD_MATCH = YES;
				COPY_PHASE_STRIP = NO;
				DEBUG_INFORMATION_FORMAT = "dwarf-with-dsym";
				ENABLE_NS_ASSERTIONS = NO;
				ENABLE_STRICT_OBJC_MSGSEND = YES;
				ENABLE_USER_SCRIPT_SANDBOXING = YES;
				GCC_C_LANGUAGE_STANDARD = gnu17;
				GCC_NO_COMMON_BLOCKS = YES;
				GCC_WARN_64_TO_32_BIT_CONVERSION = YES;
				GCC_WARN_ABOUT_RETURN_TYPE = YES_ERROR;
				GCC_WARN_UNDECLARED_SELECTOR = YES;
				GCC_WARN_UNINITIALIZED_AUTOS = YES_AGGRESSIVE;
				GCC_WARN_UNUSED_FUNCTION = YES;
				GCC_WARN_UNUSED_VARIABLE = YES;
				IPHONEOS_DEPLOYMENT_TARGET = 17.5;
				LOCALIZATION_PREFERS_STRING_CATALOGS = YES;
				MTL_ENABLE_DEBUG_INFO = NO;
				MTL_FAST_MATH = YES;
				SDKROOT = iphoneos;
				SWIFT_COMPILATION_MODE = wholemodule;
				VALIDATE_PRODUCT = YES;
			};
			name = Release;
		};
		E4D75A982C1DE389004D0FD8 /* Debug */ = {
			isa = XCBuildConfiguration;
			buildSettings = {
				ASSETCATALOG_COMPILER_APPICON_NAME = AppIcon;
				ASSETCATALOG_COMPILER_GLOBAL_ACCENT_COLOR_NAME = AccentColor;
				CODE_SIGN_STYLE = Automatic;
				CURRENT_PROJECT_VERSION = 1;
				DEVELOPMENT_ASSET_PATHS = "\"Poker Chip/Preview Content\"";
				DEVELOPMENT_TEAM = VAVV2BSFXT;
				ENABLE_PREVIEWS = YES;
				GENERATE_INFOPLIST_FILE = YES;
				INFOPLIST_FILE = "Poker-Chip-Info.plist";
				INFOPLIST_KEY_LSApplicationCategoryType = "";
				INFOPLIST_KEY_NSLocalNetworkUsageDescription = "Poker Chip uses the local network to connect with players around you.";
				INFOPLIST_KEY_UIApplicationSceneManifest_Generation = YES;
				INFOPLIST_KEY_UIApplicationSupportsIndirectInputEvents = YES;
				INFOPLIST_KEY_UILaunchScreen_Generation = YES;
				INFOPLIST_KEY_UISupportedInterfaceOrientations = "UIInterfaceOrientationLandscapeLeft UIInterfaceOrientationLandscapeRight UIInterfaceOrientationPortrait";
				INFOPLIST_KEY_UISupportedInterfaceOrientations_iPad = "UIInterfaceOrientationLandscapeLeft UIInterfaceOrientationLandscapeRight UIInterfaceOrientationPortrait UIInterfaceOrientationPortraitUpsideDown";
				LD_RUNPATH_SEARCH_PATHS = (
					"$(inherited)",
					"@executable_path/Frameworks",
				);
				MARKETING_VERSION = 1.0;
				PRODUCT_BUNDLE_IDENTIFIER = "com.sshih.Poker-Chip";
				PRODUCT_NAME = "$(TARGET_NAME)";
				SWIFT_EMIT_LOC_STRINGS = YES;
				SWIFT_VERSION = 5.0;
				TARGETED_DEVICE_FAMILY = "1,2";
			};
			name = Debug;
		};
		E4D75A992C1DE389004D0FD8 /* Release */ = {
			isa = XCBuildConfiguration;
			buildSettings = {
				ASSETCATALOG_COMPILER_APPICON_NAME = AppIcon;
				ASSETCATALOG_COMPILER_GLOBAL_ACCENT_COLOR_NAME = AccentColor;
				CODE_SIGN_STYLE = Automatic;
				CURRENT_PROJECT_VERSION = 1;
				DEVELOPMENT_ASSET_PATHS = "\"Poker Chip/Preview Content\"";
				DEVELOPMENT_TEAM = VAVV2BSFXT;
				ENABLE_PREVIEWS = YES;
				GENERATE_INFOPLIST_FILE = YES;
				INFOPLIST_FILE = "Poker-Chip-Info.plist";
				INFOPLIST_KEY_LSApplicationCategoryType = "";
				INFOPLIST_KEY_NSLocalNetworkUsageDescription = "Poker Chip uses the local network to connect with players around you.";
				INFOPLIST_KEY_UIApplicationSceneManifest_Generation = YES;
				INFOPLIST_KEY_UIApplicationSupportsIndirectInputEvents = YES;
				INFOPLIST_KEY_UILaunchScreen_Generation = YES;
				INFOPLIST_KEY_UISupportedInterfaceOrientations = "UIInterfaceOrientationLandscapeLeft UIInterfaceOrientationLandscapeRight UIInterfaceOrientationPortrait";
				INFOPLIST_KEY_UISupportedInterfaceOrientations_iPad = "UIInterfaceOrientationLandscapeLeft UIInterfaceOrientationLandscapeRight UIInterfaceOrientationPortrait UIInterfaceOrientationPortraitUpsideDown";
				LD_RUNPATH_SEARCH_PATHS = (
					"$(inherited)",
					"@executable_path/Frameworks",
				);
				MARKETING_VERSION = 1.0;
				PRODUCT_BUNDLE_IDENTIFIER = "com.sshih.Poker-Chip";
				PRODUCT_NAME = "$(TARGET_NAME)";
				SWIFT_EMIT_LOC_STRINGS = YES;
				SWIFT_VERSION = 5.0;
				TARGETED_DEVICE_FAMILY = "1,2";
			};
			name = Release;
		};
/* End XCBuildConfiguration section */

/* Begin XCConfigurationList section */
		E4D75A842C1DE388004D0FD8 /* Build configuration list for PBXProject "Poker Chip" */ = {
			isa = XCConfigurationList;
			buildConfigurations = (
				E4D75A952C1DE389004D0FD8 /* Debug */,
				E4D75A962C1DE389004D0FD8 /* Release */,
			);
			defaultConfigurationIsVisible = 0;
			defaultConfigurationName = Release;
		};
		E4D75A972C1DE389004D0FD8 /* Build configuration list for PBXNativeTarget "Poker Chip" */ = {
			isa = XCConfigurationList;
			buildConfigurations = (
				E4D75A982C1DE389004D0FD8 /* Debug */,
				E4D75A992C1DE389004D0FD8 /* Release */,
			);
			defaultConfigurationIsVisible = 0;
			defaultConfigurationName = Release;
		};
/* End XCConfigurationList section */
	};
	rootObject = E4D75A812C1DE388004D0FD8 /* Project object */;
}
